<?xml version="1.0" encoding="utf-8"?>
<Project ToolsVersion="4.0" xmlns="http://schemas.microsoft.com/developer/msbuild/2003">
  <ItemGroup>
    <Filter Include="Source Files">
      <UniqueIdentifier>{4FC737F1-C7A5-4376-A066-2A32D752A2FF}</UniqueIdentifier>
      <Extensions>cpp;c;cc;cxx;c++;cppm;ixx;def;odl;idl;hpj;bat;asm;asmx</Extensions>
    </Filter>
    <Filter Include="Header Files">
      <UniqueIdentifier>{93995380-89BD-4b04-88EB-625FBE52EBFB}</UniqueIdentifier>
      <Extensions>h;hh;hpp;hxx;h++;hm;inl;inc;ipp;xsd</Extensions>
    </Filter>
    <Filter Include="Resource Files">
      <UniqueIdentifier>{67DA6AB6-F800-4c08-8B7A-83BB121AAD01}</UniqueIdentifier>
      <Extensions>rc;ico;cur;bmp;dlg;rc2;rct;bin;rgs;gif;jpg;jpeg;jpe;resx;tiff;tif;png;wav;mfcribbon-ms</Extensions>
    </Filter>
    <Filter Include="Header Files\Utils">
      <UniqueIdentifier>{6660d498-35e1-4f86-bb43-00e8e9f8c89c}</UniqueIdentifier>
    </Filter>
    <Filter Include="Header Files\Interrupts">
      <UniqueIdentifier>{5df9a962-2dc4-4b29-b956-f040d8e5ff34}</UniqueIdentifier>
    </Filter>
    <Filter Include="Header Files\Audio">
      <UniqueIdentifier>{5d8add16-3971-4737-9180-90bc2100e2ef}</UniqueIdentifier>
    </Filter>
    <Filter Include="Source Files\Instructions">
      <UniqueIdentifier>{6f429f18-a425-45ce-87d4-1c683ce540f2}</UniqueIdentifier>
    </Filter>
    <Filter Include="Header Files\RomHeader">
      <UniqueIdentifier>{c489bcf5-a11f-44a1-a7c5-6bd0c3251416}</UniqueIdentifier>
    </Filter>
    <Filter Include="Source Files\RomHeader">
      <UniqueIdentifier>{9699c647-d199-4a20-ab76-29dd81dbebf9}</UniqueIdentifier>
    </Filter>
  </ItemGroup>
  <ItemGroup>
    <ClCompile Include="AudioController.cpp">
      <Filter>Source Files</Filter>
    </ClCompile>
    <ClCompile Include="Cpu.cpp">
      <Filter>Source Files</Filter>
    </ClCompile>
    <ClCompile Include="InterruptController.cpp">
      <Filter>Source Files</Filter>
    </ClCompile>
    <ClCompile Include="JoypadController.cpp">
      <Filter>Source Files</Filter>
    </ClCompile>
    <ClCompile Include="LcdController.cpp">
      <Filter>Source Files</Filter>
    </ClCompile>
    <ClCompile Include="SerialController.cpp">
      <Filter>Source Files</Filter>
    </ClCompile>
    <ClCompile Include="TimerController.cpp">
      <Filter>Source Files</Filter>
    </ClCompile>
    <ClCompile Include="InstructionSet.cpp">
      <Filter>Source Files\Instructions</Filter>
    </ClCompile>
    <ClCompile Include="ExtendedInstructionSet.cpp">
      <Filter>Source Files\Instructions</Filter>
    </ClCompile>
    <ClCompile Include="RomHeader.cpp">
      <Filter>Source Files\RomHeader</Filter>
    </ClCompile>
    <ClCompile Include="RomHeaderEnums.cpp">
      <Filter>Source Files\RomHeader</Filter>
    </ClCompile>
    <ClCompile Include="Flags.cpp">
      <Filter>Source Files\Instructions</Filter>
    </ClCompile>
  </ItemGroup>
  <ItemGroup>
    <ClInclude Include="Cpu.h">
      <Filter>Header Files</Filter>
    </ClInclude>
    <ClInclude Include="JoypadController.h">
      <Filter>Header Files</Filter>
    </ClInclude>
    <ClInclude Include="LcdController.h">
      <Filter>Header Files</Filter>
    </ClInclude>
    <ClInclude Include="SerialController.h">
      <Filter>Header Files</Filter>
    </ClInclude>
    <ClInclude Include="TimerController.h">
      <Filter>Header Files</Filter>
    </ClInclude>
    <ClInclude Include="AudioChannel.h">
      <Filter>Header Files\Audio</Filter>
    </ClInclude>
    <ClInclude Include="AudioController.h">
      <Filter>Header Files\Audio</Filter>
    </ClInclude>
    <ClInclude Include="NoiseChannel.h">
      <Filter>Header Files\Audio</Filter>
    </ClInclude>
    <ClInclude Include="PulseChannel.h">
      <Filter>Header Files\Audio</Filter>
    </ClInclude>
    <ClInclude Include="PulseSweepChannel.h">
      <Filter>Header Files\Audio</Filter>
    </ClInclude>
    <ClInclude Include="WaveChannel.h">
      <Filter>Header Files\Audio</Filter>
    </ClInclude>
    <ClInclude Include="Status.h">
      <Filter>Header Files\Utils</Filter>
    </ClInclude>
    <ClInclude Include="StopWatch.h">
      <Filter>Header Files\Utils</Filter>
    </ClInclude>
    <ClInclude Include="InterruptController.h">
      <Filter>Header Files\Interrupts</Filter>
    </ClInclude>
    <ClInclude Include="InterruptProvider.h">
      <Filter>Header Files\Interrupts</Filter>
    </ClInclude>
    <ClInclude Include="InterruptReceiver.h">
      <Filter>Header Files\Interrupts</Filter>
    </ClInclude>
    <ClInclude Include="RomHeader.h">
      <Filter>Header Files\RomHeader</Filter>
    </ClInclude>
    <ClInclude Include="RomHeaderEnums.h">
      <Filter>Header Files\RomHeader</Filter>
    </ClInclude>
  </ItemGroup>
</Project>